
Microsoft Visual Studio Solution File, Format Version 12.00
# Visual Studio Version 17
VisualStudioVersion = 17.13.35913.81
MinimumVisualStudioVersion = 10.0.40219.1
Project("{FAE04EC0-301F-11D3-BF4B-00C04F79EFBC}") = "Core", "Core\Core.csproj", "{96E33C3A-C82F-4D64-B93D-DE3110EF1571}"
EndProject
Project("{FAE04EC0-301F-11D3-BF4B-00C04F79EFBC}") = "Infrastructure", "Infrastructure\Infrastructure.csproj", "{390A71A9-ADA4-4A17-9AA8-D3D59C8C1122}"
	ProjectSection(ProjectDependencies) = postProject
		{96E33C3A-C82F-4D64-B93D-DE3110EF1571} = {96E33C3A-C82F-4D64-B93D-DE3110EF1571}
	EndProjectSection
EndProject
Project("{FAE04EC0-301F-11D3-BF4B-00C04F79EFBC}") = "WebApi", "WebApi\WebApi.csproj", "{0E9699C7-5692-4AA2-8AF1-409F6A235E9F}"
	ProjectSection(ProjectDependencies) = postProject
		{390A71A9-ADA4-4A17-9AA8-D3D59C8C1122} = {390A71A9-ADA4-4A17-9AA8-D3D59C8C1122}
	EndProjectSection
EndProject
Global
	GlobalSection(SolutionConfigurationPlatforms) = preSolution
		Debug|Any CPU = Debug|Any CPU
		Release|Any CPU = Release|Any CPU
	EndGlobalSection
	GlobalSection(ProjectConfigurationPlatforms) = postSolution
		{96E33C3A-C82F-4D64-B93D-DE3110EF1571}.Debug|Any CPU.ActiveCfg = Debug|Any CPU
		{96E33C3A-C82F-4D64-B93D-DE3110EF1571}.Debug|Any CPU.Build.0 = Debug|Any CPU
		{96E33C3A-C82F-4D64-B93D-DE3110EF1571}.Release|Any CPU.ActiveCfg = Release|Any CPU
		{96E33C3A-C82F-4D64-B93D-DE3110EF1571}.Release|Any CPU.Build.0 = Release|Any CPU
		{390A71A9-ADA4-4A17-9AA8-D3D59C8C1122}.Debug|Any CPU.ActiveCfg = Debug|Any CPU
		{390A71A9-ADA4-4A17-9AA8-D3D59C8C1122}.Debug|Any CPU.Build.0 = Debug|Any CPU
		{390A71A9-ADA4-4A17-9AA8-D3D59C8C1122}.Release|Any CPU.ActiveCfg = Release|Any CPU
		{390A71A9-ADA4-4A17-9AA8-D3D59C8C1122}.Release|Any CPU.Build.0 = Release|Any CPU
		{0E9699C7-5692-4AA2-8AF1-409F6A235E9F}.Debug|Any CPU.ActiveCfg = Debug|Any CPU
		{0E9699C7-5692-4AA2-8AF1-409F6A235E9F}.Debug|Any CPU.Build.0 = Debug|Any CPU
		{0E9699C7-5692-4AA2-8AF1-409F6A235E9F}.Release|Any CPU.ActiveCfg = Release|Any CPU
		{0E9699C7-5692-4AA2-8AF1-409F6A235E9F}.Release|Any CPU.Build.0 = Release|Any CPU
	EndGlobalSection
	GlobalSection(SolutionProperties) = preSolution
		HideSolutionNode = FALSE
	EndGlobalSection
	GlobalSection(ExtensibilityGlobals) = postSolution
		SolutionGuid = {6E62DD7F-16C8-4DC7-A48E-76CD66DAD3AB}
	EndGlobalSection
EndGlobal
